<Solution>
  <Folder Name="/src/">
    <Project Path="src/RateLimiter.Core/RateLimiter.Core.csproj" />
    <Project Path="src/RateLimiter.Demo/RateLimiter.Demo.csproj" />
    <Project Path="src/RateLimiter.Middleware/RateLimiter.Middleware.csproj" />
  </Folder>
  <Folder Name="/tests/">
    <Project Path="tests/RateLimiter.Core.Tests/RateLimiter.Core.Tests.csproj" />
  </Folder>
</Solution>
